
Microsoft Visual Studio Solution File, Format Version 12.00
# Visual Studio 15
VisualStudioVersion = 15.0.28307.489
MinimumVisualStudioVersion = 10.0.40219.1
Project("{8BC9CEB8-8B4A-11D0-8D11-00A0C91BC942}") = "Project1", "Project1\Project1.vcxproj", "{516805CC-3F09-4C27-A6AC-5F19A6A42249}"
EndProject
Global
	GlobalSection(SolutionConfigurationPlatforms) = preSolution
		Debug|x64 = Debug|x64
		Debug|x86 = Debug|x86
		Release|x64 = Release|x64
		Release|x86 = Release|x86
	EndGlobalSection
	GlobalSection(ProjectConfigurationPlatforms) = postSolution
		{516805CC-3F09-4C27-A6AC-5F19A6A42249}.Debug|x64.ActiveCfg = Debug|x64
		{516805CC-3F09-4C27-A6AC-5F19A6A42249}.Debug|x64.Build.0 = Debug|x64
		{516805CC-3F09-4C27-A6AC-5F19A6A42249}.Debug|x86.ActiveCfg = Debug|Win32
		{516805CC-3F09-4C27-A6AC-5F19A6A42249}.Debug|x86.Build.0 = Debug|Win32
		{516805CC-3F09-4C27-A6AC-5F19A6A42249}.Release|x64.ActiveCfg = Release|x64
		{516805CC-3F09-4C27-A6AC-5F19A6A42249}.Release|x64.Build.0 = Release|x64
		{516805CC-3F09-4C27-A6AC-5F19A6A42249}.Release|x86.ActiveCfg = Release|Win32
		{516805CC-3F09-4C27-A6AC-5F19A6A42249}.Release|x86.Build.0 = Release|Win32
	EndGlobalSection
	GlobalSection(SolutionProperties) = preSolution
		HideSolutionNode = FALSE
	EndGlobalSection
	GlobalSection(ExtensibilityGlobals) = postSolution
		SolutionGuid = {5069183E-EBA5-4C59-85FA-67294CC4ABE2}
	EndGlobalSection
EndGlobal
